
Microsoft Visual Studio Solution File, Format Version 10.00
# Visual Studio 2008
Project("{8BC9CEB8-8B4A-11D0-8D11-00A0C91BC942}") = "wordPrint", "wordPrint\wordPrint.vcproj", "{BDAE1AC1-9D81-4B1E-ACAA-1EA0909BBF19}"
EndProject
Global
	GlobalSection(SolutionConfigurationPlatforms) = preSolution
		Debug|Win32 = Debug|Win32
		Release|Win32 = Release|Win32
	EndGlobalSection
	GlobalSection(ProjectConfigurationPlatforms) = postSolution
		{BDAE1AC1-9D81-4B1E-ACAA-1EA0909BBF19}.Debug|Win32.ActiveCfg = Debug|Win32
		{BDAE1AC1-9D81-4B1E-ACAA-1EA0909BBF19}.Debug|Win32.Build.0 = Debug|Win32
		{BDAE1AC1-9D81-4B1E-ACAA-1EA0909BBF19}.Release|Win32.ActiveCfg = Release|Win32
		{BDAE1AC1-9D81-4B1E-ACAA-1EA0909BBF19}.Release|Win32.Build.0 = Release|Win32
	EndGlobalSection
	GlobalSection(SolutionProperties) = preSolution
		HideSolutionNode = FALSE
	EndGlobalSection
EndGlobal
